
Microsoft Visual Studio Solution File, Format Version 12.00
# Visual Studio Version 16
VisualStudioVersion = 25.0.1704.3
MinimumVisualStudioVersion = 10.0.40219.1
Project("{FAE04EC0-301F-11D3-BF4B-00C04F79EFBC}") = "Maui.GoogleMaps.Utils.Android", "Maui.GoogleMaps.Utils.Android.csproj", "{EF3273A3-7266-4327-BD9B-5945AB8B211B}"
EndProject
Global
	GlobalSection(SolutionConfigurationPlatforms) = preSolution
		Debug|Any CPU = Debug|Any CPU
		Release|Any CPU = Release|Any CPU
	EndGlobalSection
	GlobalSection(ProjectConfigurationPlatforms) = postSolution
		{EF3273A3-7266-4327-BD9B-5945AB8B211B}.Debug|Any CPU.ActiveCfg = Debug|Any CPU
		{EF3273A3-7266-4327-BD9B-5945AB8B211B}.Debug|Any CPU.Build.0 = Debug|Any CPU
		{EF3273A3-7266-4327-BD9B-5945AB8B211B}.Release|Any CPU.ActiveCfg = Release|Any CPU
		{EF3273A3-7266-4327-BD9B-5945AB8B211B}.Release|Any CPU.Build.0 = Release|Any CPU
	EndGlobalSection
	GlobalSection(SolutionProperties) = preSolution
		HideSolutionNode = FALSE
	EndGlobalSection
	GlobalSection(ExtensibilityGlobals) = postSolution
		SolutionGuid = {A292A022-7129-4BAA-8A45-E0C978E663E8}
	EndGlobalSection
EndGlobal
